// !$*UTF8*$!
{
	archiveVersion = 1;
	classes = {
	};
	objectVersion = 50;
	objects = {

/* Begin PBXBuildFile section */
		310CD053B755FA4EFE00233D /* Pods_TestProject_TestProjectUITests.framework in Frameworks */ = {isa = PBXBuildFile; fileRef = B1D4FD001B23E69D8A541FE6 /* Pods_TestProject_TestProjectUITests.framework */; };
		62C257EBB1C3930218294528 /* Pods_TestProject.framework in Frameworks */ = {isa = PBXBuildFile; fileRef = AE181CE989A57C93483A458F /* Pods_TestProject.framework */; };
		8B9F55D642C98A02D4628CF8 /* Pods_TestProjectTests.framework in Frameworks */ = {isa = PBXBuildFile; fileRef = 15864A294A75C7A19C677A46 /* Pods_TestProjectTests.framework */; };
		E996EFAA26F724E3009E8638 /* AppDelegate.swift in Sources */ = {isa = PBXBuildFile; fileRef = E996EFA926F724E3009E8638 /* AppDelegate.swift */; };
		E996EFAC26F724E3009E8638 /* SceneDelegate.swift in Sources */ = {isa = PBXBuildFile; fileRef = E996EFAB26F724E3009E8638 /* SceneDelegate.swift */; };
		E996EFAE26F724E3009E8638 /* HomeVC.swift in Sources */ = {isa = PBXBuildFile; fileRef = E996EFAD26F724E3009E8638 /* HomeVC.swift */; };
		E996EFB126F724E3009E8638 /* Main.storyboard in Resources */ = {isa = PBXBuildFile; fileRef = E996EFAF26F724E3009E8638 /* Main.storyboard */; };
		E996EFB326F724E5009E8638 /* Assets.xcassets in Resources */ = {isa = PBXBuildFile; fileRef = E996EFB226F724E5009E8638 /* Assets.xcassets */; };
		E996EFB626F724E5009E8638 /* LaunchScreen.storyboard in Resources */ = {isa = PBXBuildFile; fileRef = E996EFB426F724E5009E8638 /* LaunchScreen.storyboard */; };
		E996EFC126F724E5009E8638 /* TestProjectTests.swift in Sources */ = {isa = PBXBuildFile; fileRef = E996EFC026F724E5009E8638 /* TestProjectTests.swift */; };
		E996EFCC26F724E5009E8638 /* TestProjectUITests.swift in Sources */ = {isa = PBXBuildFile; fileRef = E996EFCB26F724E5009E8638 /* TestProjectUITests.swift */; };
		E996EFE026F72513009E8638 /* NextVC.swift in Sources */ = {isa = PBXBuildFile; fileRef = E996EFDF26F72513009E8638 /* NextVC.swift */; };
/* End PBXBuildFile section */

/* Begin PBXContainerItemProxy section */
		E996EFBD26F724E5009E8638 /* PBXContainerItemProxy */ = {
			isa = PBXContainerItemProxy;
			containerPortal = E996EF9E26F724E3009E8638 /* Project object */;
			proxyType = 1;
			remoteGlobalIDString = E996EFA526F724E3009E8638;
			remoteInfo = TestProject;
		};
		E996EFC826F724E5009E8638 /* PBXContainerItemProxy */ = {
			isa = PBXContainerItemProxy;
			containerPortal = E996EF9E26F724E3009E8638 /* Project object */;
			proxyType = 1;
			remoteGlobalIDString = E996EFA526F724E3009E8638;
			remoteInfo = TestProject;
		};
/* End PBXContainerItemProxy section */

/* Begin PBXFileReference section */
		0CDB20FF110B30B4B8DCA5C8 /* Pods-TestProject.debug.xcconfig */ = {isa = PBXFileReference; includeInIndex = 1; lastKnownFileType = text.xcconfig; name = "Pods-TestProject.debug.xcconfig"; path = "Target Support Files/Pods-TestProject/Pods-TestProject.debug.xcconfig"; sourceTree = "<group>"; };
		0FF6E7FBCD08369E9A4BC1FC /* Pods-TestProject.release.xcconfig */ = {isa = PBXFileReference; includeInIndex = 1; lastKnownFileType = text.xcconfig; name = "Pods-TestProject.release.xcconfig"; path = "Target Support Files/Pods-TestProject/Pods-TestProject.release.xcconfig"; sourceTree = "<group>"; };
		15864A294A75C7A19C677A46 /* Pods_TestProjectTests.framework */ = {isa = PBXFileReference; explicitFileType = wrapper.framework; includeInIndex = 0; path = Pods_TestProjectTests.framework; sourceTree = BUILT_PRODUCTS_DIR; };
		3B5D7952B366A80EAC6232BF /* Pods-TestProject-TestProjectUITests.debug.xcconfig */ = {isa = PBXFileReference; includeInIndex = 1; lastKnownFileType = text.xcconfig; name = "Pods-TestProject-TestProjectUITests.debug.xcconfig"; path = "Target Support Files/Pods-TestProject-TestProjectUITests/Pods-TestProject-TestProjectUITests.debug.xcconfig"; sourceTree = "<group>"; };
		AE181CE989A57C93483A458F /* Pods_TestProject.framework */ = {isa = PBXFileReference; explicitFileType = wrapper.framework; includeInIndex = 0; path = Pods_TestProject.framework; sourceTree = BUILT_PRODUCTS_DIR; };
		AE1C6D8E7927157A733D87D0 /* Pods-TestProject-TestProjectUITests.release.xcconfig */ = {isa = PBXFileReference; includeInIndex = 1; lastKnownFileType = text.xcconfig; name = "Pods-TestProject-TestProjectUITests.release.xcconfig"; path = "Target Support Files/Pods-TestProject-TestProjectUITests/Pods-TestProject-TestProjectUITests.release.xcconfig"; sourceTree = "<group>"; };
		B1D4FD001B23E69D8A541FE6 /* Pods_TestProject_TestProjectUITests.framework */ = {isa = PBXFileReference; explicitFileType = wrapper.framework; includeInIndex = 0; path = Pods_TestProject_TestProjectUITests.framework; sourceTree = BUILT_PRODUCTS_DIR; };
		B7FA2307851268A5BFB91330 /* Pods-TestProjectTests.release.xcconfig */ = {isa = PBXFileReference; includeInIndex = 1; lastKnownFileType = text.xcconfig; name = "Pods-TestProjectTests.release.xcconfig"; path = "Target Support Files/Pods-TestProjectTests/Pods-TestProjectTests.release.xcconfig"; sourceTree = "<group>"; };
		CCF01DFA17924D0E91AF5F9D /* Pods-TestProjectTests.debug.xcconfig */ = {isa = PBXFileReference; includeInIndex = 1; lastKnownFileType = text.xcconfig; name = "Pods-TestProjectTests.debug.xcconfig"; path = "Target Support Files/Pods-TestProjectTests/Pods-TestProjectTests.debug.xcconfig"; sourceTree = "<group>"; };
		E996EFA626F724E3009E8638 /* TestProject.app */ = {isa = PBXFileReference; explicitFileType = wrapper.application; includeInIndex = 0; path = TestProject.app; sourceTree = BUILT_PRODUCTS_DIR; };
		E996EFA926F724E3009E8638 /* AppDelegate.swift */ = {isa = PBXFileReference; lastKnownFileType = sourcecode.swift; path = AppDelegate.swift; sourceTree = "<group>"; };
		E996EFAB26F724E3009E8638 /* SceneDelegate.swift */ = {isa = PBXFileReference; lastKnownFileType = sourcecode.swift; path = SceneDelegate.swift; sourceTree = "<group>"; };
		E996EFAD26F724E3009E8638 /* HomeVC.swift */ = {isa = PBXFileReference; lastKnownFileType = sourcecode.swift; path = HomeVC.swift; sourceTree = "<group>"; };
		E996EFB026F724E3009E8638 /* Base */ = {isa = PBXFileReference; lastKnownFileType = file.storyboard; name = Base; path = Base.lproj/Main.storyboard; sourceTree = "<group>"; };
		E996EFB226F724E5009E8638 /* Assets.xcassets */ = {isa = PBXFileReference; lastKnownFileType = folder.assetcatalog; path = Assets.xcassets; sourceTree = "<group>"; };
		E996EFB526F724E5009E8638 /* Base */ = {isa = PBXFileReference; lastKnownFileType = file.storyboard; name = Base; path = Base.lproj/LaunchScreen.storyboard; sourceTree = "<group>"; };
		E996EFB726F724E5009E8638 /* Info.plist */ = {isa = PBXFileReference; lastKnownFileType = text.plist.xml; path = Info.plist; sourceTree = "<group>"; };
		E996EFBC26F724E5009E8638 /* TestProjectTests.xctest */ = {isa = PBXFileReference; explicitFileType = wrapper.cfbundle; includeInIndex = 0; path = TestProjectTests.xctest; sourceTree = BUILT_PRODUCTS_DIR; };
		E996EFC026F724E5009E8638 /* TestProjectTests.swift */ = {isa = PBXFileReference; lastKnownFileType = sourcecode.swift; path = TestProjectTests.swift; sourceTree = "<group>"; };
		E996EFC226F724E5009E8638 /* Info.plist */ = {isa = PBXFileReference; lastKnownFileType = text.plist.xml; path = Info.plist; sourceTree = "<group>"; };
		E996EFC726F724E5009E8638 /* TestProjectUITests.xctest */ = {isa = PBXFileReference; explicitFileType = wrapper.cfbundle; includeInIndex = 0; path = TestProjectUITests.xctest; sourceTree = BUILT_PRODUCTS_DIR; };
		E996EFCB26F724E5009E8638 /* TestProjectUITests.swift */ = {isa = PBXFileReference; lastKnownFileType = sourcecode.swift; path = TestProjectUITests.swift; sourceTree = "<group>"; };
		E996EFCD26F724E5009E8638 /* Info.plist */ = {isa = PBXFileReference; lastKnownFileType = text.plist.xml; path = Info.plist; sourceTree = "<group>"; };
		E996EFDF26F72513009E8638 /* NextVC.swift */ = {isa = PBXFileReference; lastKnownFileType = sourcecode.swift; path = NextVC.swift; sourceTree = "<group>"; };
/* End PBXFileReference section */

/* Begin PBXFrameworksBuildPhase section */
		E996EFA326F724E3009E8638 /* Frameworks */ = {
			isa = PBXFrameworksBuildPhase;
			buildActionMask = 2147483647;
			files = (
				62C257EBB1C3930218294528 /* Pods_TestProject.framework in Frameworks */,
			);
			runOnlyForDeploymentPostprocessing = 0;
		};
		E996EFB926F724E5009E8638 /* Frameworks */ = {
			isa = PBXFrameworksBuildPhase;
			buildActionMask = 2147483647;
			files = (
				8B9F55D642C98A02D4628CF8 /* Pods_TestProjectTests.framework in Frameworks */,
			);
			runOnlyForDeploymentPostprocessing = 0;
		};
		E996EFC426F724E5009E8638 /* Frameworks */ = {
			isa = PBXFrameworksBuildPhase;
			buildActionMask = 2147483647;
			files = (
				310CD053B755FA4EFE00233D /* Pods_TestProject_TestProjectUITests.framework in Frameworks */,
			);
			runOnlyForDeploymentPostprocessing = 0;
		};
/* End PBXFrameworksBuildPhase section */

/* Begin PBXGroup section */
		2F8BC1E4CA2EB2B6DC9B8E3D /* Pods */ = {
			isa = PBXGroup;
			children = (
				0CDB20FF110B30B4B8DCA5C8 /* Pods-TestProject.debug.xcconfig */,
				0FF6E7FBCD08369E9A4BC1FC /* Pods-TestProject.release.xcconfig */,
				3B5D7952B366A80EAC6232BF /* Pods-TestProject-TestProjectUITests.debug.xcconfig */,
				AE1C6D8E7927157A733D87D0 /* Pods-TestProject-TestProjectUITests.release.xcconfig */,
				CCF01DFA17924D0E91AF5F9D /* Pods-TestProjectTests.debug.xcconfig */,
				B7FA2307851268A5BFB91330 /* Pods-TestProjectTests.release.xcconfig */,
			);
			name = Pods;
			path = Pods;
			sourceTree = "<group>";
		};
		5FE9C8BF311B9961C70830EA /* Frameworks */ = {
			isa = PBXGroup;
			children = (
				AE181CE989A57C93483A458F /* Pods_TestProject.framework */,
				B1D4FD001B23E69D8A541FE6 /* Pods_TestProject_TestProjectUITests.framework */,
				15864A294A75C7A19C677A46 /* Pods_TestProjectTests.framework */,
			);
			name = Frameworks;
			sourceTree = "<group>";
		};
		E996EF9D26F724E3009E8638 = {
			isa = PBXGroup;
			children = (
				E996EFA826F724E3009E8638 /* TestProject */,
				E996EFBF26F724E5009E8638 /* TestProjectTests */,
				E996EFCA26F724E5009E8638 /* TestProjectUITests */,
				E996EFA726F724E3009E8638 /* Products */,
				2F8BC1E4CA2EB2B6DC9B8E3D /* Pods */,
				5FE9C8BF311B9961C70830EA /* Frameworks */,
			);
			sourceTree = "<group>";
		};
		E996EFA726F724E3009E8638 /* Products */ = {
			isa = PBXGroup;
			children = (
				E996EFA626F724E3009E8638 /* TestProject.app */,
				E996EFBC26F724E5009E8638 /* TestProjectTests.xctest */,
				E996EFC726F724E5009E8638 /* TestProjectUITests.xctest */,
			);
			name = Products;
			sourceTree = "<group>";
		};
		E996EFA826F724E3009E8638 /* TestProject */ = {
			isa = PBXGroup;
			children = (
				E996EFA926F724E3009E8638 /* AppDelegate.swift */,
				E996EFAB26F724E3009E8638 /* SceneDelegate.swift */,
				E996EFAD26F724E3009E8638 /* HomeVC.swift */,
				E996EFDF26F72513009E8638 /* NextVC.swift */,
				E996EFAF26F724E3009E8638 /* Main.storyboard */,
				E996EFB226F724E5009E8638 /* Assets.xcassets */,
				E996EFB426F724E5009E8638 /* LaunchScreen.storyboard */,
				E996EFB726F724E5009E8638 /* Info.plist */,
			);
			path = TestProject;
			sourceTree = "<group>";
		};
		E996EFBF26F724E5009E8638 /* TestProjectTests */ = {
			isa = PBXGroup;
			children = (
				E996EFC026F724E5009E8638 /* TestProjectTests.swift */,
				E996EFC226F724E5009E8638 /* Info.plist */,
			);
			path = TestProjectTests;
			sourceTree = "<group>";
		};
		E996EFCA26F724E5009E8638 /* TestProjectUITests */ = {
			isa = PBXGroup;
			children = (
				E996EFCB26F724E5009E8638 /* TestProjectUITests.swift */,
				E996EFCD26F724E5009E8638 /* Info.plist */,
			);
			path = TestProjectUITests;
			sourceTree = "<group>";
		};
/* End PBXGroup section */

/* Begin PBXNativeTarget section */
		E996EFA526F724E3009E8638 /* TestProject */ = {
			isa = PBXNativeTarget;
			buildConfigurationList = E996EFD026F724E5009E8638 /* Build configuration list for PBXNativeTarget "TestProject" */;
			buildPhases = (
				08B048C50AA980D9CDFE3D27 /* [CP] Check Pods Manifest.lock */,
				E996EFA226F724E3009E8638 /* Sources */,
				E996EFA326F724E3009E8638 /* Frameworks */,
				E996EFA426F724E3009E8638 /* Resources */,
			);
			buildRules = (
			);
			dependencies = (
			);
			name = TestProject;
			productName = TestProject;
			productReference = E996EFA626F724E3009E8638 /* TestProject.app */;
			productType = "com.apple.product-type.application";
		};
		E996EFBB26F724E5009E8638 /* TestProjectTests */ = {
			isa = PBXNativeTarget;
			buildConfigurationList = E996EFD326F724E5009E8638 /* Build configuration list for PBXNativeTarget "TestProjectTests" */;
			buildPhases = (
				174CBD384825373146039D0E /* [CP] Check Pods Manifest.lock */,
				E996EFB826F724E5009E8638 /* Sources */,
				E996EFB926F724E5009E8638 /* Frameworks */,
				E996EFBA26F724E5009E8638 /* Resources */,
			);
			buildRules = (
			);
			dependencies = (
				E996EFBE26F724E5009E8638 /* PBXTargetDependency */,
			);
			name = TestProjectTests;
			productName = TestProjectTests;
			productReference = E996EFBC26F724E5009E8638 /* TestProjectTests.xctest */;
			productType = "com.apple.product-type.bundle.unit-test";
		};
		E996EFC626F724E5009E8638 /* TestProjectUITests */ = {
			isa = PBXNativeTarget;
			buildConfigurationList = E996EFD626F724E5009E8638 /* Build configuration list for PBXNativeTarget "TestProjectUITests" */;
			buildPhases = (
				EF231A3123006ED89764013A /* [CP] Check Pods Manifest.lock */,
				E996EFC326F724E5009E8638 /* Sources */,
				E996EFC426F724E5009E8638 /* Frameworks */,
				E996EFC526F724E5009E8638 /* Resources */,
			);
			buildRules = (
			);
			dependencies = (
				E996EFC926F724E5009E8638 /* PBXTargetDependency */,
			);
			name = TestProjectUITests;
			productName = TestProjectUITests;
			productReference = E996EFC726F724E5009E8638 /* TestProjectUITests.xctest */;
			productType = "com.apple.product-type.bundle.ui-testing";
		};
/* End PBXNativeTarget section */

/* Begin PBXProject section */
		E996EF9E26F724E3009E8638 /* Project object */ = {
			isa = PBXProject;
			attributes = {
				LastSwiftUpdateCheck = 1220;
				LastUpgradeCheck = 1220;
				TargetAttributes = {
					E996EFA526F724E3009E8638 = {
						CreatedOnToolsVersion = 12.2;
					};
					E996EFBB26F724E5009E8638 = {
						CreatedOnToolsVersion = 12.2;
						TestTargetID = E996EFA526F724E3009E8638;
					};
					E996EFC626F724E5009E8638 = {
						CreatedOnToolsVersion = 12.2;
						TestTargetID = E996EFA526F724E3009E8638;
					};
				};
			};
			buildConfigurationList = E996EFA126F724E3009E8638 /* Build configuration list for PBXProject "TestProject" */;
			compatibilityVersion = "Xcode 9.3";
			developmentRegion = en;
			hasScannedForEncodings = 0;
			knownRegions = (
				en,
				Base,
			);
			mainGroup = E996EF9D26F724E3009E8638;
			productRefGroup = E996EFA726F724E3009E8638 /* Products */;
			projectDirPath = "";
			projectRoot = "";
			targets = (
				E996EFA526F724E3009E8638 /* TestProject */,
				E996EFBB26F724E5009E8638 /* TestProjectTests */,
				E996EFC626F724E5009E8638 /* TestProjectUITests */,
			);
		};
/* End PBXProject section */

/* Begin PBXResourcesBuildPhase section */
		E996EFA426F724E3009E8638 /* Resources */ = {
			isa = PBXResourcesBuildPhase;
			buildActionMask = 2147483647;
			files = (
				E996EFB626F724E5009E8638 /* LaunchScreen.storyboard in Resources */,
				E996EFB326F724E5009E8638 /* Assets.xcassets in Resources */,
				E996EFB126F724E3009E8638 /* Main.storyboard in Resources */,
			);
			runOnlyForDeploymentPostprocessing = 0;
		};
		E996EFBA26F724E5009E8638 /* Resources */ = {
			isa = PBXResourcesBuildPhase;
			buildActionMask = 2147483647;
			files = (
			);
			runOnlyForDeploymentPostprocessing = 0;
		};
		E996EFC526F724E5009E8638 /* Resources */ = {
			isa = PBXResourcesBuildPhase;
			buildActionMask = 2147483647;
			files = (
			);
			runOnlyForDeploymentPostprocessing = 0;
		};
/* End PBXResourcesBuildPhase section */

/* Begin PBXShellScriptBuildPhase section */
		08B048C50AA980D9CDFE3D27 /* [CP] Check Pods Manifest.lock */ = {
			isa = PBXShellScriptBuildPhase;
			buildActionMask = 2147483647;
			files = (
			);
			inputFileListPaths = (
			);
			inputPaths = (
				"${PODS_PODFILE_DIR_PATH}/Podfile.lock",
				"${PODS_ROOT}/Manifest.lock",
			);
			name = "[CP] Check Pods Manifest.lock";
			outputFileListPaths = (
			);
			outputPaths = (
				"$(DERIVED_FILE_DIR)/Pods-TestProject-checkManifestLockResult.txt",
			);
			runOnlyForDeploymentPostprocessing = 0;
			shellPath = /bin/sh;
			shellScript = "diff \"${PODS_PODFILE_DIR_PATH}/Podfile.lock\" \"${PODS_ROOT}/Manifest.lock\" > /dev/null\nif [ $? != 0 ] ; then\n    # print error to STDERR\n    echo \"error: The sandbox is not in sync with the Podfile.lock. Run 'pod install' or update your CocoaPods installation.\" >&2\n    exit 1\nfi\n# This output is used by Xcode 'outputs' to avoid re-running this script phase.\necho \"SUCCESS\" > \"${SCRIPT_OUTPUT_FILE_0}\"\n";
			showEnvVarsInLog = 0;
		};
		174CBD384825373146039D0E /* [CP] Check Pods Manifest.lock */ = {
			isa = PBXShellScriptBuildPhase;
			buildActionMask = 2147483647;
			files = (
			);
			inputFileListPaths = (
			);
			inputPaths = (
				"${PODS_PODFILE_DIR_PATH}/Podfile.lock",
				"${PODS_ROOT}/Manifest.lock",
			);
			name = "[CP] Check Pods Manifest.lock";
			outputFileListPaths = (
			);
			outputPaths = (
				"$(DERIVED_FILE_DIR)/Pods-TestProjectTests-checkManifestLockResult.txt",
			);
			runOnlyForDeploymentPostprocessing = 0;
			shellPath = /bin/sh;
			shellScript = "diff \"${PODS_PODFILE_DIR_PATH}/Podfile.lock\" \"${PODS_ROOT}/Manifest.lock\" > /dev/null\nif [ $? != 0 ] ; then\n    # print error to STDERR\n    echo \"error: The sandbox is not in sync with the Podfile.lock. Run 'pod install' or update your CocoaPods installation.\" >&2\n    exit 1\nfi\n# This output is used by Xcode 'outputs' to avoid re-running this script phase.\necho \"SUCCESS\" > \"${SCRIPT_OUTPUT_FILE_0}\"\n";
			showEnvVarsInLog = 0;
		};
		EF231A3123006ED89764013A /* [CP] Check Pods Manifest.lock */ = {
			isa = PBXShellScriptBuildPhase;
			buildActionMask = 2147483647;
			files = (
			);
			inputFileListPaths = (
			);
			inputPaths = (
				"${PODS_PODFILE_DIR_PATH}/Podfile.lock",
				"${PODS_ROOT}/Manifest.lock",
			);
			name = "[CP] Check Pods Manifest.lock";
			outputFileListPaths = (
			);
			outputPaths = (
				"$(DERIVED_FILE_DIR)/Pods-TestProject-TestProjectUITests-checkManifestLockResult.txt",
			);
			runOnlyForDeploymentPostprocessing = 0;
			shellPath = /bin/sh;
			shellScript = "diff \"${PODS_PODFILE_DIR_PATH}/Podfile.lock\" \"${PODS_ROOT}/Manifest.lock\" > /dev/null\nif [ $? != 0 ] ; then\n    # print error to STDERR\n    echo \"error: The sandbox is not in sync with the Podfile.lock. Run 'pod install' or update your CocoaPods installation.\" >&2\n    exit 1\nfi\n# This output is used by Xcode 'outputs' to avoid re-running this script phase.\necho \"SUCCESS\" > \"${SCRIPT_OUTPUT_FILE_0}\"\n";
			showEnvVarsInLog = 0;
		};
/* End PBXShellScriptBuildPhase section */

/* Begin PBXSourcesBuildPhase section */
		E996EFA226F724E3009E8638 /* Sources */ = {
			isa = PBXSourcesBuildPhase;
			buildActionMask = 2147483647;
			files = (
				E996EFAE26F724E3009E8638 /* HomeVC.swift in Sources */,
				E996EFAA26F724E3009E8638 /* AppDelegate.swift in Sources */,
				E996EFAC26F724E3009E8638 /* SceneDelegate.swift in Sources */,
				E996EFE026F72513009E8638 /* NextVC.swift in Sources */,
			);
			runOnlyForDeploymentPostprocessing = 0;
		};
		E996EFB826F724E5009E8638 /* Sources */ = {
			isa = PBXSourcesBuildPhase;
			buildActionMask = 2147483647;
			files = (
				E996EFC126F724E5009E8638 /* TestProjectTests.swift in Sources */,
			);
			runOnlyForDeploymentPostprocessing = 0;
		};
		E996EFC326F724E5009E8638 /* Sources */ = {
			isa = PBXSourcesBuildPhase;
			buildActionMask = 2147483647;
			files = (
				E996EFCC26F724E5009E8638 /* TestProjectUITests.swift in Sources */,
			);
			runOnlyForDeploymentPostprocessing = 0;
		};
/* End PBXSourcesBuildPhase section */

/* Begin PBXTargetDependency section */
		E996EFBE26F724E5009E8638 /* PBXTargetDependency */ = {
			isa = PBXTargetDependency;
			target = E996EFA526F724E3009E8638 /* TestProject */;
			targetProxy = E996EFBD26F724E5009E8638 /* PBXContainerItemProxy */;
		};
		E996EFC926F724E5009E8638 /* PBXTargetDependency */ = {
			isa = PBXTargetDependency;
			target = E996EFA526F724E3009E8638 /* TestProject */;
			targetProxy = E996EFC826F724E5009E8638 /* PBXContainerItemProxy */;
		};
/* End PBXTargetDependency section */

/* Begin PBXVariantGroup section */
		E996EFAF26F724E3009E8638 /* Main.storyboard */ = {
			isa = PBXVariantGroup;
			children = (
				E996EFB026F724E3009E8638 /* Base */,
			);
			name = Main.storyboard;
			sourceTree = "<group>";
		};
		E996EFB426F724E5009E8638 /* LaunchScreen.storyboard */ = {
			isa = PBXVariantGroup;
			children = (
				E996EFB526F724E5009E8638 /* Base */,
			);
			name = LaunchScreen.storyboard;
			sourceTree = "<group>";
		};
/* End PBXVariantGroup section */

/* Begin XCBuildConfiguration section */
		E996EFCE26F724E5009E8638 /* Debug */ = {
			isa = XCBuildConfiguration;
			buildSettings = {
				ALWAYS_SEARCH_USER_PATHS = NO;
				CLANG_ANALYZER_NONNULL = YES;
				CLANG_ANALYZER_NUMBER_OBJECT_CONVERSION = YES_AGGRESSIVE;
				CLANG_CXX_LANGUAGE_STANDARD = "gnu++14";
				CLANG_CXX_LIBRARY = "libc++";
				CLANG_ENABLE_MODULES = YES;
				CLANG_ENABLE_OBJC_ARC = YES;
				CLANG_ENABLE_OBJC_WEAK = YES;
				CLANG_WARN_BLOCK_CAPTURE_AUTORELEASING = YES;
				CLANG_WARN_BOOL_CONVERSION = YES;
				CLANG_WARN_COMMA = YES;
				CLANG_WARN_CONSTANT_CONVERSION = YES;
				CLANG_WARN_DEPRECATED_OBJC_IMPLEMENTATIONS = YES;
				CLANG_WARN_DIRECT_OBJC_ISA_USAGE = YES_ERROR;
				CLANG_WARN_DOCUMENTATION_COMMENTS = YES;
				CLANG_WARN_EMPTY_BODY = YES;
				CLANG_WARN_ENUM_CONVERSION = YES;
				CLANG_WARN_INFINITE_RECURSION = YES;
				CLANG_WARN_INT_CONVERSION = YES;
				CLANG_WARN_NON_LITERAL_NULL_CONVERSION = YES;
				CLANG_WARN_OBJC_IMPLICIT_RETAIN_SELF = YES;
				CLANG_WARN_OBJC_LITERAL_CONVERSION = YES;
				CLANG_WARN_OBJC_ROOT_CLASS = YES_ERROR;
				CLANG_WARN_QUOTED_INCLUDE_IN_FRAMEWORK_HEADER = YES;
				CLANG_WARN_RANGE_LOOP_ANALYSIS = YES;
				CLANG_WARN_STRICT_PROTOTYPES = YES;
				CLANG_WARN_SUSPICIOUS_MOVE = YES;
				CLANG_WARN_UNGUARDED_AVAILABILITY = YES_AGGRESSIVE;
				CLANG_WARN_UNREACHABLE_CODE = YES;
				CLANG_WARN__DUPLICATE_METHOD_MATCH = YES;
				COPY_PHASE_STRIP = NO;
				DEBUG_INFORMATION_FORMAT = dwarf;
				ENABLE_STRICT_OBJC_MSGSEND = YES;
				ENABLE_TESTABILITY = YES;
				GCC_C_LANGUAGE_STANDARD = gnu11;
				GCC_DYNAMIC_NO_PIC = NO;
				GCC_NO_COMMON_BLOCKS = YES;
				GCC_OPTIMIZATION_LEVEL = 0;
				GCC_PREPROCESSOR_DEFINITIONS = (
					"DEBUG=1",
					"$(inherited)",
				);
				GCC_WARN_64_TO_32_BIT_CONVERSION = YES;
				GCC_WARN_ABOUT_RETURN_TYPE = YES_ERROR;
				GCC_WARN_UNDECLARED_SELECTOR = YES;
				GCC_WARN_UNINITIALIZED_AUTOS = YES_AGGRESSIVE;
				GCC_WARN_UNUSED_FUNCTION = YES;
				GCC_WARN_UNUSED_VARIABLE = YES;
				IPHONEOS_DEPLOYMENT_TARGET = 14.2;
				MTL_ENABLE_DEBUG_INFO = INCLUDE_SOURCE;
				MTL_FAST_MATH = YES;
				ONLY_ACTIVE_ARCH = YES;
				SDKROOT = iphoneos;
				SWIFT_ACTIVE_COMPILATION_CONDITIONS = DEBUG;
				SWIFT_OPTIMIZATION_LEVEL = "-Onone";
			};
			name = Debug;
		};
		E996EFCF26F724E5009E8638 /* Release */ = {
			isa = XCBuildConfiguration;
			buildSettings = {
				ALWAYS_SEARCH_USER_PATHS = NO;
				CLANG_ANALYZER_NONNULL = YES;
				CLANG_ANALYZER_NUMBER_OBJECT_CONVERSION = YES_AGGRESSIVE;
				CLANG_CXX_LANGUAGE_STANDARD = "gnu++14";
				CLANG_CXX_LIBRARY = "libc++";
				CLANG_ENABLE_MODULES = YES;
				CLANG_ENABLE_OBJC_ARC = YES;
				CLANG_ENABLE_OBJC_WEAK = YES;
				CLANG_WARN_BLOCK_CAPTURE_AUTORELEASING = YES;
				CLANG_WARN_BOOL_CONVERSION = YES;
				CLANG_WARN_COMMA = YES;
				CLANG_WARN_CONSTANT_CONVERSION = YES;
				CLANG_WARN_DEPRECATED_OBJC_IMPLEMENTATIONS = YES;
				CLANG_WARN_DIRECT_OBJC_ISA_USAGE = YES_ERROR;
				CLANG_WARN_DOCUMENTATION_COMMENTS = YES;
				CLANG_WARN_EMPTY_BODY = YES;
				CLANG_WARN_ENUM_CONVERSION = YES;
				CLANG_WARN_INFINITE_RECURSION = YES;
				CLANG_WARN_INT_CONVERSION = YES;
				CLANG_WARN_NON_LITERAL_NULL_CONVERSION = YES;
				CLANG_WARN_OBJC_IMPLICIT_RETAIN_SELF = YES;
				CLANG_WARN_OBJC_LITERAL_CONVERSION = YES;
				CLANG_WARN_OBJC_ROOT_CLASS = YES_ERROR;
				CLANG_WARN_QUOTED_INCLUDE_IN_FRAMEWORK_HEADER = YES;
				CLANG_WARN_RANGE_LOOP_ANALYSIS = YES;
				CLANG_WARN_STRICT_PROTOTYPES = YES;
				CLANG_WARN_SUSPICIOUS_MOVE = YES;
				CLANG_WARN_UNGUARDED_AVAILABILITY = YES_AGGRESSIVE;
				CLANG_WARN_UNREACHABLE_CODE = YES;
				CLANG_WARN__DUPLICATE_METHOD_MATCH = YES;
				COPY_PHASE_STRIP = NO;
				DEBUG_INFORMATION_FORMAT = "dwarf-with-dsym";
				ENABLE_NS_ASSERTIONS = NO;
				ENABLE_STRICT_OBJC_MSGSEND = YES;
				GCC_C_LANGUAGE_STANDARD = gnu11;
				GCC_NO_COMMON_BLOCKS = YES;
				GCC_WARN_64_TO_32_BIT_CONVERSION = YES;
				GCC_WARN_ABOUT_RETURN_TYPE = YES_ERROR;
				GCC_WARN_UNDECLARED_SELECTOR = YES;
				GCC_WARN_UNINITIALIZED_AUTOS = YES_AGGRESSIVE;
				GCC_WARN_UNUSED_FUNCTION = YES;
				GCC_WARN_UNUSED_VARIABLE = YES;
				IPHONEOS_DEPLOYMENT_TARGET = 14.2;
				MTL_ENABLE_DEBUG_INFO = NO;
				MTL_FAST_MATH = YES;
				SDKROOT = iphoneos;
				SWIFT_COMPILATION_MODE = wholemodule;
				SWIFT_OPTIMIZATION_LEVEL = "-O";
				VALIDATE_PRODUCT = YES;
			};
			name = Release;
		};
		E996EFD126F724E5009E8638 /* Debug */ = {
			isa = XCBuildConfiguration;
			baseConfigurationReference = 0CDB20FF110B30B4B8DCA5C8 /* Pods-TestProject.debug.xcconfig */;
			buildSettings = {
				ASSETCATALOG_COMPILER_APPICON_NAME = AppIcon;
				ASSETCATALOG_COMPILER_GLOBAL_ACCENT_COLOR_NAME = AccentColor;
				CODE_SIGN_STYLE = Automatic;
				DEVELOPMENT_TEAM = E6ZLHMXBG4;
				INFOPLIST_FILE = TestProject/Info.plist;
				LD_RUNPATH_SEARCH_PATHS = (
					"$(inherited)",
					"@executable_path/Frameworks",
				);
				PRODUCT_BUNDLE_IDENTIFIER = com.zhoushuai.TestProject;
				PRODUCT_NAME = "$(TARGET_NAME)";
				SWIFT_VERSION = 5.0;
				TARGETED_DEVICE_FAMILY = "1,2";
			};
			name = Debug;
		};
		E996EFD226F724E5009E8638 /* Release */ = {
			isa = XCBuildConfiguration;
			baseConfigurationReference = 0FF6E7FBCD08369E9A4BC1FC /* Pods-TestProject.release.xcconfig */;
			buildSettings = {
				ASSETCATALOG_COMPILER_APPICON_NAME = AppIcon;
				ASSETCATALOG_COMPILER_GLOBAL_ACCENT_COLOR_NAME = AccentColor;
				CODE_SIGN_STYLE = Automatic;
				DEVELOPMENT_TEAM = E6ZLHMXBG4;
				INFOPLIST_FILE = TestProject/Info.plist;
				LD_RUNPATH_SEARCH_PATHS = (
					"$(inherited)",
					"@executable_path/Frameworks",
				);
				PRODUCT_BUNDLE_IDENTIFIER = com.zhoushuai.TestProject;
				PRODUCT_NAME = "$(TARGET_NAME)";
				SWIFT_VERSION = 5.0;
				TARGETED_DEVICE_FAMILY = "1,2";
			};
			name = Release;
		};
		E996EFD426F724E5009E8638 /* Debug */ = {
			isa = XCBuildConfiguration;
			baseConfigurationReference = CCF01DFA17924D0E91AF5F9D /* Pods-TestProjectTests.debug.xcconfig */;
			buildSettings = {
				ALWAYS_EMBED_SWIFT_STANDARD_LIBRARIES = YES;
				BUNDLE_LOADER = "$(TEST_HOST)";
				CODE_SIGN_STYLE = Automatic;
				DEVELOPMENT_TEAM = E6ZLHMXBG4;
				INFOPLIST_FILE = TestProjectTests/Info.plist;
				IPHONEOS_DEPLOYMENT_TARGET = 14.2;
				LD_RUNPATH_SEARCH_PATHS = (
					"$(inherited)",
					"@executable_path/Frameworks",
					"@loader_path/Frameworks",
				);
				PRODUCT_BUNDLE_IDENTIFIER = com.zhoushuai.TestProjectTests;
				PRODUCT_NAME = "$(TARGET_NAME)";
				SWIFT_VERSION = 5.0;
				TARGETED_DEVICE_FAMILY = "1,2";
				TEST_HOST = "$(BUILT_PRODUCTS_DIR)/TestProject.app/TestProject";
			};
			name = Debug;
		};
		E996EFD526F724E5009E8638 /* Release */ = {
			isa = XCBuildConfiguration;
			baseConfigurationReference = B7FA2307851268A5BFB91330 /* Pods-TestProjectTests.release.xcconfig */;
			buildSettings = {
				ALWAYS_EMBED_SWIFT_STANDARD_LIBRARIES = YES;
				BUNDLE_LOADER = "$(TEST_HOST)";
				CODE_SIGN_STYLE = Automatic;
				DEVELOPMENT_TEAM = E6ZLHMXBG4;
				INFOPLIST_FILE = TestProjectTests/Info.plist;
				IPHONEOS_DEPLOYMENT_TARGET = 14.2;
				LD_RUNPATH_SEARCH_PATHS = (
					"$(inherited)",
					"@executable_path/Frameworks",
					"@loader_path/Frameworks",
				);
				PRODUCT_BUNDLE_IDENTIFIER = com.zhoushuai.TestProjectTests;
				PRODUCT_NAME = "$(TARGET_NAME)";
				SWIFT_VERSION = 5.0;
				TARGETED_DEVICE_FAMILY = "1,2";
				TEST_HOST = "$(BUILT_PRODUCTS_DIR)/TestProject.app/TestProject";
			};
			name = Release;
		};
		E996EFD726F724E5009E8638 /* Debug */ = {
			isa = XCBuildConfiguration;
			baseConfigurationReference = 3B5D7952B366A80EAC6232BF /* Pods-TestProject-TestProjectUITests.debug.xcconfig */;
			buildSettings = {
				ALWAYS_EMBED_SWIFT_STANDARD_LIBRARIES = YES;
				CODE_SIGN_STYLE = Automatic;
				DEVELOPMENT_TEAM = E6ZLHMXBG4;
				INFOPLIST_FILE = TestProjectUITests/Info.plist;
				LD_RUNPATH_SEARCH_PATHS = (
					"$(inherited)",
					"@executable_path/Frameworks",
					"@loader_path/Frameworks",
				);
				PRODUCT_BUNDLE_IDENTIFIER = com.zhoushuai.TestProjectUITests;
				PRODUCT_NAME = "$(TARGET_NAME)";
				SWIFT_VERSION = 5.0;
				TARGETED_DEVICE_FAMILY = "1,2";
				TEST_TARGET_NAME = TestProject;
			};
			name = Debug;
		};
		E996EFD826F724E5009E8638 /* Release */ = {
			isa = XCBuildConfiguration;
			baseConfigurationReference = AE1C6D8E7927157A733D87D0 /* Pods-TestProject-TestProjectUITests.release.xcconfig */;
			buildSettings = {
				ALWAYS_EMBED_SWIFT_STANDARD_LIBRARIES = YES;
				CODE_SIGN_STYLE = Automatic;
				DEVELOPMENT_TEAM = E6ZLHMXBG4;
				INFOPLIST_FILE = TestProjectUITests/Info.plist;
				LD_RUNPATH_SEARCH_PATHS = (
					"$(inherited)",
					"@executable_path/Frameworks",
					"@loader_path/Frameworks",
				);
				PRODUCT_BUNDLE_IDENTIFIER = com.zhoushuai.TestProjectUITests;
				PRODUCT_NAME = "$(TARGET_NAME)";
				SWIFT_VERSION = 5.0;
				TARGETED_DEVICE_FAMILY = "1,2";
				TEST_TARGET_NAME = TestProject;
			};
			name = Release;
		};
/* End XCBuildConfiguration section */

/* Begin XCConfigurationList section */
		E996EFA126F724E3009E8638 /* Build configuration list for PBXProject "TestProject" */ = {
			isa = XCConfigurationList;
			buildConfigurations = (
				E996EFCE26F724E5009E8638 /* Debug */,
				E996EFCF26F724E5009E8638 /* Release */,
			);
			defaultConfigurationIsVisible = 0;
			defaultConfigurationName = Release;
		};
		E996EFD026F724E5009E8638 /* Build configuration list for PBXNativeTarget "TestProject" */ = {
			isa = XCConfigurationList;
			buildConfigurations = (
				E996EFD126F724E5009E8638 /* Debug */,
				E996EFD226F724E5009E8638 /* Release */,
			);
			defaultConfigurationIsVisible = 0;
			defaultConfigurationName = Release;
		};
		E996EFD326F724E5009E8638 /* Build configuration list for PBXNativeTarget "TestProjectTests" */ = {
			isa = XCConfigurationList;
			buildConfigurations = (
				E996EFD426F724E5009E8638 /* Debug */,
				E996EFD526F724E5009E8638 /* Release */,
			);
			defaultConfigurationIsVisible = 0;
			defaultConfigurationName = Release;
		};
		E996EFD626F724E5009E8638 /* Build configuration list for PBXNativeTarget "TestProjectUITests" */ = {
			isa = XCConfigurationList;
			buildConfigurations = (
				E996EFD726F724E5009E8638 /* Debug */,
				E996EFD826F724E5009E8638 /* Release */,
			);
			defaultConfigurationIsVisible = 0;
			defaultConfigurationName = Release;
		};
/* End XCConfigurationList section */
	};
	rootObject = E996EF9E26F724E3009E8638 /* Project object */;
}
